
Microsoft Visual Studio Solution File, Format Version 12.00
# Visual Studio Version 16
VisualStudioVersion = 16.0.29728.190
MinimumVisualStudioVersion = 10.0.40219.1
Project("{FAE04EC0-301F-11D3-BF4B-00C04F79EFBC}") = "Decorator", "Decorator\Decorator.csproj", "{DCD4DA3D-E5F7-418B-A44B-2782423C9FC0}"
EndProject
Project("{FAE04EC0-301F-11D3-BF4B-00C04F79EFBC}") = "Tests", "Tests\Tests.csproj", "{7CCA31DE-215A-4DC3-987F-92FC9D8AF907}"
EndProject
Global
	GlobalSection(SolutionConfigurationPlatforms) = preSolution
		Debug|Any CPU = Debug|Any CPU
		Release|Any CPU = Release|Any CPU
	EndGlobalSection
	GlobalSection(ProjectConfigurationPlatforms) = postSolution
		{DCD4DA3D-E5F7-418B-A44B-2782423C9FC0}.Debug|Any CPU.ActiveCfg = Debug|Any CPU
		{DCD4DA3D-E5F7-418B-A44B-2782423C9FC0}.Debug|Any CPU.Build.0 = Debug|Any CPU
		{DCD4DA3D-E5F7-418B-A44B-2782423C9FC0}.Release|Any CPU.ActiveCfg = Release|Any CPU
		{DCD4DA3D-E5F7-418B-A44B-2782423C9FC0}.Release|Any CPU.Build.0 = Release|Any CPU
		{7CCA31DE-215A-4DC3-987F-92FC9D8AF907}.Debug|Any CPU.ActiveCfg = Debug|Any CPU
		{7CCA31DE-215A-4DC3-987F-92FC9D8AF907}.Debug|Any CPU.Build.0 = Debug|Any CPU
		{7CCA31DE-215A-4DC3-987F-92FC9D8AF907}.Release|Any CPU.ActiveCfg = Release|Any CPU
		{7CCA31DE-215A-4DC3-987F-92FC9D8AF907}.Release|Any CPU.Build.0 = Release|Any CPU
	EndGlobalSection
	GlobalSection(SolutionProperties) = preSolution
		HideSolutionNode = FALSE
	EndGlobalSection
	GlobalSection(ExtensibilityGlobals) = postSolution
		SolutionGuid = {38F41480-2700-4925-93CD-ACB0631D73E3}
	EndGlobalSection
EndGlobal
