
Microsoft Visual Studio Solution File, Format Version 12.00
# Visual Studio Version 16
VisualStudioVersion = 16.0.29728.190
MinimumVisualStudioVersion = 10.0.40219.1
Project("{FAE04EC0-301F-11D3-BF4B-00C04F79EFBC}") = "Factory", "Factory\Factory.csproj", "{D5E0E53A-3215-429C-9049-5C7C0AFDF567}"
EndProject
Global
	GlobalSection(SolutionConfigurationPlatforms) = preSolution
		Debug|Any CPU = Debug|Any CPU
		Release|Any CPU = Release|Any CPU
	EndGlobalSection
	GlobalSection(ProjectConfigurationPlatforms) = postSolution
		{D5E0E53A-3215-429C-9049-5C7C0AFDF567}.Debug|Any CPU.ActiveCfg = Debug|Any CPU
		{D5E0E53A-3215-429C-9049-5C7C0AFDF567}.Debug|Any CPU.Build.0 = Debug|Any CPU
		{D5E0E53A-3215-429C-9049-5C7C0AFDF567}.Release|Any CPU.ActiveCfg = Release|Any CPU
		{D5E0E53A-3215-429C-9049-5C7C0AFDF567}.Release|Any CPU.Build.0 = Release|Any CPU
	EndGlobalSection
	GlobalSection(SolutionProperties) = preSolution
		HideSolutionNode = FALSE
	EndGlobalSection
	GlobalSection(ExtensibilityGlobals) = postSolution
		SolutionGuid = {9940A10E-B062-402E-AC61-B04C4FC7A4DA}
	EndGlobalSection
EndGlobal
